<?xml version="1.0" encoding="utf-8"?>
<Project ToolsVersion="4.0" xmlns="http://schemas.microsoft.com/developer/msbuild/2003">
  <ItemGroup>
    <Filter Include="Source Files">
      <UniqueIdentifier>{4FC737F1-C7A5-4376-A066-2A32D752A2FF}</UniqueIdentifier>
      <Extensions>cpp;c;cc;cxx;def;odl;idl;hpj;bat;asm;asmx</Extensions>
    </Filter>
    <Filter Include="Header Files">
      <UniqueIdentifier>{93995380-89BD-4b04-88EB-625FBE52EBFB}</UniqueIdentifier>
      <Extensions>h;hpp;hxx;hm;inl;inc;xsd</Extensions>
    </Filter>
    <Filter Include="Resource Files">
      <UniqueIdentifier>{67DA6AB6-F800-4c08-8B7A-83BB121AAD01}</UniqueIdentifier>
      <Extensions>rc;ico;cur;bmp;dlg;rc2;rct;bin;rgs;gif;jpg;jpeg;jpe;resx;tiff;tif;png;wav;mfcribbon-ms</Extensions>
    </Filter>
    <Filter Include="Common">
      <UniqueIdentifier>{4aa4f3c7-a610-4fd5-a92f-7ee823f76f7a}</UniqueIdentifier>
    </Filter>
    <Filter Include="Temp">
      <UniqueIdentifier>{8b4943ac-2242-4df9-a414-84456b6adba9}</UniqueIdentifier>
    </Filter>
    <Filter Include="Command">
      <UniqueIdentifier>{db258ec3-18f9-4dbe-957d-845adc4b7b01}</UniqueIdentifier>
    </Filter>
    <Filter Include="Excel">
      <UniqueIdentifier>{722a5894-5c74-4025-af38-08f0c0dd3288}</UniqueIdentifier>
    </Filter>
  </ItemGroup>
  <ItemGroup>
    <Text Include="ReadMe.txt" />
  </ItemGroup>
  <ItemGroup>
    <ClCompile Include="Entry.cpp">
      <Filter>Source Files</Filter>
    </ClCompile>
    <ClCompile Include="Common_Function.cpp">
      <Filter>Common</Filter>
    </ClCompile>
    <ClCompile Include="Common_Function_UG.cpp">
      <Filter>Common</Filter>
    </ClCompile>
    <ClCompile Include="Common_UI.cpp">
      <Filter>Common</Filter>
    </ClCompile>
    <ClCompile Include="Excel\BasicExcel.cpp">
      <Filter>Excel</Filter>
    </ClCompile>
    <ClCompile Include="AutoDraft.cpp">
      <Filter>Command</Filter>
    </ClCompile>
    <ClCompile Include="Property.cpp">
      <Filter>Command</Filter>
    </ClCompile>
    <ClCompile Include="Bom.cpp">
      <Filter>Command</Filter>
    </ClCompile>
  </ItemGroup>
  <ItemGroup>
    <ClInclude Include="Entry.hpp">
      <Filter>Header Files</Filter>
    </ClInclude>
    <ClInclude Include="Common_Function.h">
      <Filter>Common</Filter>
    </ClInclude>
    <ClInclude Include="Common_Function_UG.h">
      <Filter>Common</Filter>
    </ClInclude>
    <ClInclude Include="Common_UI.h">
      <Filter>Common</Filter>
    </ClInclude>
    <ClInclude Include="Excel\BasicExcel.hpp">
      <Filter>Excel</Filter>
    </ClInclude>
    <ClInclude Include="AutoDraft.hpp">
      <Filter>Command</Filter>
    </ClInclude>
    <ClInclude Include="Property.hpp">
      <Filter>Command</Filter>
    </ClInclude>
    <ClInclude Include="Bom.hpp">
      <Filter>Command</Filter>
    </ClInclude>
  </ItemGroup>
</Project>